// !$*UTF8*$!
{
	archiveVersion = 1;
	classes = {
	};
	objectVersion = 46;
	objects = {

/* Begin PBXBuildFile section */
		B5687D631BB45AFC00168B7E /* Animo.h in Headers */ = {isa = PBXBuildFile; fileRef = B5687D621BB45AFC00168B7E /* Animo.h */; settings = {ATTRIBUTES = (Public, ); }; };
		B5687D6A1BB45AFC00168B7E /* Animo.framework in Frameworks */ = {isa = PBXBuildFile; fileRef = B5687D5F1BB45AFC00168B7E /* Animo.framework */; };
		B5687D6F1BB45AFC00168B7E /* AnimoTests.swift in Sources */ = {isa = PBXBuildFile; fileRef = B5687D6E1BB45AFC00168B7E /* AnimoTests.swift */; };
		B5687D7A1BB45B1400168B7E /* LayerAnimation.swift in Sources */ = {isa = PBXBuildFile; fileRef = B5687D791BB45B1400168B7E /* LayerAnimation.swift */; };
		B5687DA91BB78EA800168B7E /* Animate.swift in Sources */ = {isa = PBXBuildFile; fileRef = B5687DA81BB78EA800168B7E /* Animate.swift */; };
		B5687DAB1BB7908800168B7E /* CALayer+Animo.swift in Sources */ = {isa = PBXBuildFile; fileRef = B5687DAA1BB7908800168B7E /* CALayer+Animo.swift */; };
		B5687DAD1BB792B100168B7E /* Options.swift in Sources */ = {isa = PBXBuildFile; fileRef = B5687DAC1BB792B100168B7E /* Options.swift */; };
		B5687DAF1BB7AAB500168B7E /* KeyframeValueConvertible.swift in Sources */ = {isa = PBXBuildFile; fileRef = B5687DAE1BB7AAB500168B7E /* KeyframeValueConvertible.swift */; };
		B5C2A2B21BC17A3A00E58A73 /* TimingMode.swift in Sources */ = {isa = PBXBuildFile; fileRef = B5C2A2B11BC17A3A00E58A73 /* TimingMode.swift */; };
		B5C2A2B41BC17E0000E58A73 /* CAAnimation+Animo.swift in Sources */ = {isa = PBXBuildFile; fileRef = B5C2A2B31BC17E0000E58A73 /* CAAnimation+Animo.swift */; };
		B5C2A2B61BC2CB5200E58A73 /* TransitionType.swift in Sources */ = {isa = PBXBuildFile; fileRef = B5C2A2B51BC2CB5200E58A73 /* TransitionType.swift */; };
		B5F2E5F11BBEE12600FC246A /* DurationSpan.swift in Sources */ = {isa = PBXBuildFile; fileRef = B5F2E5F01BBEE12600FC246A /* DurationSpan.swift */; };
/* End PBXBuildFile section */

/* Begin PBXContainerItemProxy section */
		B5687D6B1BB45AFC00168B7E /* PBXContainerItemProxy */ = {
			isa = PBXContainerItemProxy;
			containerPortal = B5687D561BB45AFC00168B7E /* Project object */;
			proxyType = 1;
			remoteGlobalIDString = B5687D5E1BB45AFC00168B7E;
			remoteInfo = Animo;
		};
/* End PBXContainerItemProxy section */

/* Begin PBXFileReference section */
		B5687D5F1BB45AFC00168B7E /* Animo.framework */ = {isa = PBXFileReference; explicitFileType = wrapper.framework; includeInIndex = 0; path = Animo.framework; sourceTree = BUILT_PRODUCTS_DIR; };
		B5687D621BB45AFC00168B7E /* Animo.h */ = {isa = PBXFileReference; lastKnownFileType = sourcecode.c.h; path = Animo.h; sourceTree = "<group>"; };
		B5687D641BB45AFC00168B7E /* Info.plist */ = {isa = PBXFileReference; lastKnownFileType = text.plist.xml; path = Info.plist; sourceTree = "<group>"; };
		B5687D691BB45AFC00168B7E /* AnimoTests.xctest */ = {isa = PBXFileReference; explicitFileType = wrapper.cfbundle; includeInIndex = 0; path = AnimoTests.xctest; sourceTree = BUILT_PRODUCTS_DIR; };
		B5687D6E1BB45AFC00168B7E /* AnimoTests.swift */ = {isa = PBXFileReference; lastKnownFileType = sourcecode.swift; path = AnimoTests.swift; sourceTree = "<group>"; };
		B5687D701BB45AFC00168B7E /* Info.plist */ = {isa = PBXFileReference; lastKnownFileType = text.plist.xml; path = Info.plist; sourceTree = "<group>"; };
		B5687D791BB45B1400168B7E /* LayerAnimation.swift */ = {isa = PBXFileReference; fileEncoding = 4; lastKnownFileType = sourcecode.swift; path = LayerAnimation.swift; sourceTree = "<group>"; };
		B5687DA81BB78EA800168B7E /* Animate.swift */ = {isa = PBXFileReference; fileEncoding = 4; lastKnownFileType = sourcecode.swift; path = Animate.swift; sourceTree = "<group>"; };
		B5687DAA1BB7908800168B7E /* CALayer+Animo.swift */ = {isa = PBXFileReference; fileEncoding = 4; lastKnownFileType = sourcecode.swift; path = "CALayer+Animo.swift"; sourceTree = "<group>"; };
		B5687DAC1BB792B100168B7E /* Options.swift */ = {isa = PBXFileReference; fileEncoding = 4; lastKnownFileType = sourcecode.swift; path = Options.swift; sourceTree = "<group>"; };
		B5687DAE1BB7AAB500168B7E /* KeyframeValueConvertible.swift */ = {isa = PBXFileReference; fileEncoding = 4; lastKnownFileType = sourcecode.swift; path = KeyframeValueConvertible.swift; sourceTree = "<group>"; };
		B5C2A2B11BC17A3A00E58A73 /* TimingMode.swift */ = {isa = PBXFileReference; fileEncoding = 4; lastKnownFileType = sourcecode.swift; path = TimingMode.swift; sourceTree = "<group>"; };
		B5C2A2B31BC17E0000E58A73 /* CAAnimation+Animo.swift */ = {isa = PBXFileReference; fileEncoding = 4; lastKnownFileType = sourcecode.swift; path = "CAAnimation+Animo.swift"; sourceTree = "<group>"; };
		B5C2A2B51BC2CB5200E58A73 /* TransitionType.swift */ = {isa = PBXFileReference; fileEncoding = 4; lastKnownFileType = sourcecode.swift; path = TransitionType.swift; sourceTree = "<group>"; };
		B5F2E5F01BBEE12600FC246A /* DurationSpan.swift */ = {isa = PBXFileReference; fileEncoding = 4; lastKnownFileType = sourcecode.swift; path = DurationSpan.swift; sourceTree = "<group>"; };
/* End PBXFileReference section */

/* Begin PBXFrameworksBuildPhase section */
		B5687D5B1BB45AFC00168B7E /* Frameworks */ = {
			isa = PBXFrameworksBuildPhase;
			buildActionMask = 2147483647;
			files = (
			);
			runOnlyForDeploymentPostprocessing = 0;
		};
		B5687D661BB45AFC00168B7E /* Frameworks */ = {
			isa = PBXFrameworksBuildPhase;
			buildActionMask = 2147483647;
			files = (
				B5687D6A1BB45AFC00168B7E /* Animo.framework in Frameworks */,
			);
			runOnlyForDeploymentPostprocessing = 0;
		};
/* End PBXFrameworksBuildPhase section */

/* Begin PBXGroup section */
		B5687D551BB45AFC00168B7E = {
			isa = PBXGroup;
			children = (
				B5687D611BB45AFC00168B7E /* Animo */,
				B5687D6D1BB45AFC00168B7E /* AnimoTests */,
				B5687D601BB45AFC00168B7E /* Products */,
			);
			sourceTree = "<group>";
		};
		B5687D601BB45AFC00168B7E /* Products */ = {
			isa = PBXGroup;
			children = (
				B5687D5F1BB45AFC00168B7E /* Animo.framework */,
				B5687D691BB45AFC00168B7E /* AnimoTests.xctest */,
			);
			name = Products;
			sourceTree = "<group>";
		};
		B5687D611BB45AFC00168B7E /* Animo */ = {
			isa = PBXGroup;
			children = (
				B5687D621BB45AFC00168B7E /* Animo.h */,
				B5687DA81BB78EA800168B7E /* Animate.swift */,
				B5C2A2B31BC17E0000E58A73 /* CAAnimation+Animo.swift */,
				B5687DAA1BB7908800168B7E /* CALayer+Animo.swift */,
				B5687D791BB45B1400168B7E /* LayerAnimation.swift */,
				B5687DAC1BB792B100168B7E /* Options.swift */,
				B5F2E5F01BBEE12600FC246A /* DurationSpan.swift */,
				B5C2A2B11BC17A3A00E58A73 /* TimingMode.swift */,
				B5C2A2B51BC2CB5200E58A73 /* TransitionType.swift */,
				B5687DAE1BB7AAB500168B7E /* KeyframeValueConvertible.swift */,
				B5687D641BB45AFC00168B7E /* Info.plist */,
			);
			path = Animo;
			sourceTree = "<group>";
		};
		B5687D6D1BB45AFC00168B7E /* AnimoTests */ = {
			isa = PBXGroup;
			children = (
				B5687D6E1BB45AFC00168B7E /* AnimoTests.swift */,
				B5687D701BB45AFC00168B7E /* Info.plist */,
			);
			path = AnimoTests;
			sourceTree = "<group>";
		};
/* End PBXGroup section */

/* Begin PBXHeadersBuildPhase section */
		B5687D5C1BB45AFC00168B7E /* Headers */ = {
			isa = PBXHeadersBuildPhase;
			buildActionMask = 2147483647;
			files = (
				B5687D631BB45AFC00168B7E /* Animo.h in Headers */,
			);
			runOnlyForDeploymentPostprocessing = 0;
		};
/* End PBXHeadersBuildPhase section */

/* Begin PBXNativeTarget section */
		B5687D5E1BB45AFC00168B7E /* Animo */ = {
			isa = PBXNativeTarget;
			buildConfigurationList = B5687D731BB45AFC00168B7E /* Build configuration list for PBXNativeTarget "Animo" */;
			buildPhases = (
				B5687D5A1BB45AFC00168B7E /* Sources */,
				B5687D5B1BB45AFC00168B7E /* Frameworks */,
				B5687D5C1BB45AFC00168B7E /* Headers */,
				B5687D5D1BB45AFC00168B7E /* Resources */,
			);
			buildRules = (
			);
			dependencies = (
			);
			name = Animo;
			productName = Animo;
			productReference = B5687D5F1BB45AFC00168B7E /* Animo.framework */;
			productType = "com.apple.product-type.framework";
		};
		B5687D681BB45AFC00168B7E /* AnimoTests */ = {
			isa = PBXNativeTarget;
			buildConfigurationList = B5687D761BB45AFC00168B7E /* Build configuration list for PBXNativeTarget "AnimoTests" */;
			buildPhases = (
				B5687D651BB45AFC00168B7E /* Sources */,
				B5687D661BB45AFC00168B7E /* Frameworks */,
				B5687D671BB45AFC00168B7E /* Resources */,
			);
			buildRules = (
			);
			dependencies = (
				B5687D6C1BB45AFC00168B7E /* PBXTargetDependency */,
			);
			name = AnimoTests;
			productName = AnimoTests;
			productReference = B5687D691BB45AFC00168B7E /* AnimoTests.xctest */;
			productType = "com.apple.product-type.bundle.unit-test";
		};
/* End PBXNativeTarget section */

/* Begin PBXProject section */
		B5687D561BB45AFC00168B7E /* Project object */ = {
			isa = PBXProject;
			attributes = {
				LastSwiftMigration = 0710;
				LastSwiftUpdateCheck = 0700;
				LastUpgradeCheck = 0700;
				ORGANIZATIONNAME = "John Rommel Estropia";
				TargetAttributes = {
					B5687D5E1BB45AFC00168B7E = {
						CreatedOnToolsVersion = 7.0;
					};
					B5687D681BB45AFC00168B7E = {
						CreatedOnToolsVersion = 7.0;
					};
				};
			};
			buildConfigurationList = B5687D591BB45AFC00168B7E /* Build configuration list for PBXProject "Animo" */;
			compatibilityVersion = "Xcode 3.2";
			developmentRegion = English;
			hasScannedForEncodings = 0;
			knownRegions = (
				en,
			);
			mainGroup = B5687D551BB45AFC00168B7E;
			productRefGroup = B5687D601BB45AFC00168B7E /* Products */;
			projectDirPath = "";
			projectRoot = "";
			targets = (
				B5687D5E1BB45AFC00168B7E /* Animo */,
				B5687D681BB45AFC00168B7E /* AnimoTests */,
			);
		};
/* End PBXProject section */

/* Begin PBXResourcesBuildPhase section */
		B5687D5D1BB45AFC00168B7E /* Resources */ = {
			isa = PBXResourcesBuildPhase;
			buildActionMask = 2147483647;
			files = (
			);
			runOnlyForDeploymentPostprocessing = 0;
		};
		B5687D671BB45AFC00168B7E /* Resources */ = {
			isa = PBXResourcesBuildPhase;
			buildActionMask = 2147483647;
			files = (
			);
			runOnlyForDeploymentPostprocessing = 0;
		};
/* End PBXResourcesBuildPhase section */

/* Begin PBXSourcesBuildPhase section */
		B5687D5A1BB45AFC00168B7E /* Sources */ = {
			isa = PBXSourcesBuildPhase;
			buildActionMask = 2147483647;
			files = (
				B5F2E5F11BBEE12600FC246A /* DurationSpan.swift in Sources */,
				B5C2A2B61BC2CB5200E58A73 /* TransitionType.swift in Sources */,
				B5687D7A1BB45B1400168B7E /* LayerAnimation.swift in Sources */,
				B5687DAF1BB7AAB500168B7E /* KeyframeValueConvertible.swift in Sources */,
				B5C2A2B21BC17A3A00E58A73 /* TimingMode.swift in Sources */,
				B5687DAD1BB792B100168B7E /* Options.swift in Sources */,
				B5C2A2B41BC17E0000E58A73 /* CAAnimation+Animo.swift in Sources */,
				B5687DAB1BB7908800168B7E /* CALayer+Animo.swift in Sources */,
				B5687DA91BB78EA800168B7E /* Animate.swift in Sources */,
			);
			runOnlyForDeploymentPostprocessing = 0;
		};
		B5687D651BB45AFC00168B7E /* Sources */ = {
			isa = PBXSourcesBuildPhase;
			buildActionMask = 2147483647;
			files = (
				B5687D6F1BB45AFC00168B7E /* AnimoTests.swift in Sources */,
			);
			runOnlyForDeploymentPostprocessing = 0;
		};
/* End PBXSourcesBuildPhase section */

/* Begin PBXTargetDependency section */
		B5687D6C1BB45AFC00168B7E /* PBXTargetDependency */ = {
			isa = PBXTargetDependency;
			target = B5687D5E1BB45AFC00168B7E /* Animo */;
			targetProxy = B5687D6B1BB45AFC00168B7E /* PBXContainerItemProxy */;
		};
/* End PBXTargetDependency section */

/* Begin XCBuildConfiguration section */
		B5687D711BB45AFC00168B7E /* Debug */ = {
			isa = XCBuildConfiguration;
			buildSettings = {
				ALWAYS_SEARCH_USER_PATHS = NO;
				CLANG_CXX_LANGUAGE_STANDARD = "gnu++0x";
				CLANG_CXX_LIBRARY = "libc++";
				CLANG_ENABLE_MODULES = YES;
				CLANG_ENABLE_OBJC_ARC = YES;
				CLANG_WARN_BOOL_CONVERSION = YES;
				CLANG_WARN_CONSTANT_CONVERSION = YES;
				CLANG_WARN_DIRECT_OBJC_ISA_USAGE = YES_ERROR;
				CLANG_WARN_EMPTY_BODY = YES;
				CLANG_WARN_ENUM_CONVERSION = YES;
				CLANG_WARN_INT_CONVERSION = YES;
				CLANG_WARN_OBJC_ROOT_CLASS = YES_ERROR;
				CLANG_WARN_UNREACHABLE_CODE = YES;
				CLANG_WARN__DUPLICATE_METHOD_MATCH = YES;
				"CODE_SIGN_IDENTITY[sdk=iphoneos*]" = "iPhone Developer";
				COPY_PHASE_STRIP = NO;
				CURRENT_PROJECT_VERSION = 1;
				DEBUG_INFORMATION_FORMAT = dwarf;
				DEFINES_MODULE = YES;
				ENABLE_STRICT_OBJC_MSGSEND = YES;
				ENABLE_TESTABILITY = YES;
				GCC_C_LANGUAGE_STANDARD = gnu99;
				GCC_DYNAMIC_NO_PIC = NO;
				GCC_NO_COMMON_BLOCKS = YES;
				GCC_OPTIMIZATION_LEVEL = 0;
				GCC_PREPROCESSOR_DEFINITIONS = (
					"DEBUG=1",
					"$(inherited)",
				);
				GCC_WARN_64_TO_32_BIT_CONVERSION = YES;
				GCC_WARN_ABOUT_RETURN_TYPE = YES_ERROR;
				GCC_WARN_UNDECLARED_SELECTOR = YES;
				GCC_WARN_UNINITIALIZED_AUTOS = YES_AGGRESSIVE;
				GCC_WARN_UNUSED_FUNCTION = YES;
				GCC_WARN_UNUSED_VARIABLE = YES;
				IPHONEOS_DEPLOYMENT_TARGET = 9.0;
				MTL_ENABLE_DEBUG_INFO = YES;
				ONLY_ACTIVE_ARCH = YES;
				SDKROOT = iphoneos;
				SWIFT_OPTIMIZATION_LEVEL = "-Onone";
				TARGETED_DEVICE_FAMILY = "1,2";
				VERSIONING_SYSTEM = "apple-generic";
				VERSION_INFO_PREFIX = "";
			};
			name = Debug;
		};
		B5687D721BB45AFC00168B7E /* Release */ = {
			isa = XCBuildConfiguration;
			buildSettings = {
				ALWAYS_SEARCH_USER_PATHS = NO;
				CLANG_CXX_LANGUAGE_STANDARD = "gnu++0x";
				CLANG_CXX_LIBRARY = "libc++";
				CLANG_ENABLE_MODULES = YES;
				CLANG_ENABLE_OBJC_ARC = YES;
				CLANG_WARN_BOOL_CONVERSION = YES;
				CLANG_WARN_CONSTANT_CONVERSION = YES;
				CLANG_WARN_DIRECT_OBJC_ISA_USAGE = YES_ERROR;
				CLANG_WARN_EMPTY_BODY = YES;
				CLANG_WARN_ENUM_CONVERSION = YES;
				CLANG_WARN_INT_CONVERSION = YES;
				CLANG_WARN_OBJC_ROOT_CLASS = YES_ERROR;
				CLANG_WARN_UNREACHABLE_CODE = YES;
				CLANG_WARN__DUPLICATE_METHOD_MATCH = YES;
				"CODE_SIGN_IDENTITY[sdk=iphoneos*]" = "iPhone Developer";
				COPY_PHASE_STRIP = NO;
				CURRENT_PROJECT_VERSION = 1;
				DEBUG_INFORMATION_FORMAT = "dwarf-with-dsym";
				DEFINES_MODULE = YES;
				ENABLE_NS_ASSERTIONS = NO;
				ENABLE_STRICT_OBJC_MSGSEND = YES;
				GCC_C_LANGUAGE_STANDARD = gnu99;
				GCC_NO_COMMON_BLOCKS = YES;
				GCC_WARN_64_TO_32_BIT_CONVERSION = YES;
				GCC_WARN_ABOUT_RETURN_TYPE = YES_ERROR;
				GCC_WARN_UNDECLARED_SELECTOR = YES;
				GCC_WARN_UNINITIALIZED_AUTOS = YES_AGGRESSIVE;
				GCC_WARN_UNUSED_FUNCTION = YES;
				GCC_WARN_UNUSED_VARIABLE = YES;
				IPHONEOS_DEPLOYMENT_TARGET = 9.0;
				MTL_ENABLE_DEBUG_INFO = NO;
				SDKROOT = iphoneos;
				TARGETED_DEVICE_FAMILY = "1,2";
				VALIDATE_PRODUCT = YES;
				VERSIONING_SYSTEM = "apple-generic";
				VERSION_INFO_PREFIX = "";
			};
			name = Release;
		};
		B5687D741BB45AFC00168B7E /* Debug */ = {
			isa = XCBuildConfiguration;
			buildSettings = {
				CLANG_ENABLE_MODULES = YES;
				DEFINES_MODULE = YES;
				DYLIB_COMPATIBILITY_VERSION = 1;
				DYLIB_CURRENT_VERSION = 1;
				DYLIB_INSTALL_NAME_BASE = "@rpath";
				INFOPLIST_FILE = Animo/Info.plist;
				INSTALL_PATH = "$(LOCAL_LIBRARY_DIR)/Frameworks";
				IPHONEOS_DEPLOYMENT_TARGET = 8.0;
				LD_RUNPATH_SEARCH_PATHS = "$(inherited) @executable_path/Frameworks @loader_path/Frameworks";
				PRODUCT_BUNDLE_IDENTIFIER = com.johnestropia.Animo;
				PRODUCT_NAME = "$(TARGET_NAME)";
				SKIP_INSTALL = YES;
				SWIFT_OPTIMIZATION_LEVEL = "-Onone";
			};
			name = Debug;
		};
		B5687D751BB45AFC00168B7E /* Release */ = {
			isa = XCBuildConfiguration;
			buildSettings = {
				CLANG_ENABLE_MODULES = YES;
				DEFINES_MODULE = YES;
				DYLIB_COMPATIBILITY_VERSION = 1;
				DYLIB_CURRENT_VERSION = 1;
				DYLIB_INSTALL_NAME_BASE = "@rpath";
				INFOPLIST_FILE = Animo/Info.plist;
				INSTALL_PATH = "$(LOCAL_LIBRARY_DIR)/Frameworks";
				IPHONEOS_DEPLOYMENT_TARGET = 8.0;
				LD_RUNPATH_SEARCH_PATHS = "$(inherited) @executable_path/Frameworks @loader_path/Frameworks";
				PRODUCT_BUNDLE_IDENTIFIER = com.johnestropia.Animo;
				PRODUCT_NAME = "$(TARGET_NAME)";
				SKIP_INSTALL = YES;
				SWIFT_OPTIMIZATION_LEVEL = "-Owholemodule";
			};
			name = Release;
		};
		B5687D771BB45AFC00168B7E /* Debug */ = {
			isa = XCBuildConfiguration;
			buildSettings = {
				INFOPLIST_FILE = AnimoTests/Info.plist;
				LD_RUNPATH_SEARCH_PATHS = "$(inherited) @executable_path/Frameworks @loader_path/Frameworks";
				PRODUCT_BUNDLE_IDENTIFIER = com.johnestropia.AnimoTests;
				PRODUCT_NAME = "$(TARGET_NAME)";
			};
			name = Debug;
		};
		B5687D781BB45AFC00168B7E /* Release */ = {
			isa = XCBuildConfiguration;
			buildSettings = {
				INFOPLIST_FILE = AnimoTests/Info.plist;
				LD_RUNPATH_SEARCH_PATHS = "$(inherited) @executable_path/Frameworks @loader_path/Frameworks";
				PRODUCT_BUNDLE_IDENTIFIER = com.johnestropia.AnimoTests;
				PRODUCT_NAME = "$(TARGET_NAME)";
			};
			name = Release;
		};
/* End XCBuildConfiguration section */

/* Begin XCConfigurationList section */
		B5687D591BB45AFC00168B7E /* Build configuration list for PBXProject "Animo" */ = {
			isa = XCConfigurationList;
			buildConfigurations = (
				B5687D711BB45AFC00168B7E /* Debug */,
				B5687D721BB45AFC00168B7E /* Release */,
			);
			defaultConfigurationIsVisible = 0;
			defaultConfigurationName = Release;
		};
		B5687D731BB45AFC00168B7E /* Build configuration list for PBXNativeTarget "Animo" */ = {
			isa = XCConfigurationList;
			buildConfigurations = (
				B5687D741BB45AFC00168B7E /* Debug */,
				B5687D751BB45AFC00168B7E /* Release */,
			);
			defaultConfigurationIsVisible = 0;
			defaultConfigurationName = Release;
		};
		B5687D761BB45AFC00168B7E /* Build configuration list for PBXNativeTarget "AnimoTests" */ = {
			isa = XCConfigurationList;
			buildConfigurations = (
				B5687D771BB45AFC00168B7E /* Debug */,
				B5687D781BB45AFC00168B7E /* Release */,
			);
			defaultConfigurationIsVisible = 0;
			defaultConfigurationName = Release;
		};
/* End XCConfigurationList section */
	};
	rootObject = B5687D561BB45AFC00168B7E /* Project object */;
}
